
Microsoft Visual Studio Solution File, Format Version 12.00
# Visual Studio Version 17
VisualStudioVersion = 17.6.33829.357
MinimumVisualStudioVersion = 10.0.40219.1
Project("{FAE04EC0-301F-11D3-BF4B-00C04F79EFBC}") = "ExtensionMethods", "ExtensionMethods\ExtensionMethods.csproj", "{DA53E2E8-A1E6-4E68-B7B8-C948AB21B218}"
EndProject
Global
	GlobalSection(SolutionConfigurationPlatforms) = preSolution
		Debug|Any CPU = Debug|Any CPU
		Release|Any CPU = Release|Any CPU
	EndGlobalSection
	GlobalSection(ProjectConfigurationPlatforms) = postSolution
		{DA53E2E8-A1E6-4E68-B7B8-C948AB21B218}.Debug|Any CPU.ActiveCfg = Debug|Any CPU
		{DA53E2E8-A1E6-4E68-B7B8-C948AB21B218}.Debug|Any CPU.Build.0 = Debug|Any CPU
		{DA53E2E8-A1E6-4E68-B7B8-C948AB21B218}.Release|Any CPU.ActiveCfg = Release|Any CPU
		{DA53E2E8-A1E6-4E68-B7B8-C948AB21B218}.Release|Any CPU.Build.0 = Release|Any CPU
	EndGlobalSection
	GlobalSection(SolutionProperties) = preSolution
		HideSolutionNode = FALSE
	EndGlobalSection
	GlobalSection(ExtensibilityGlobals) = postSolution
		SolutionGuid = {79C1844D-0E45-4D27-A27A-4763EAF53751}
	EndGlobalSection
EndGlobal
